
Microsoft Visual Studio Solution File, Format Version 12.00
# Visual Studio Version 16
VisualStudioVersion = 16.0.31729.503
MinimumVisualStudioVersion = 10.0.40219.1
Project("{9A19103F-16F7-4668-BE54-9A1E7A4F7556}") = "HttpHelper.Core", "HttpHelper.Core\HttpHelper.Core.csproj", "{049F06DB-BD74-47FD-B198-3CF1D51A5264}"
EndProject
Global
	GlobalSection(SolutionConfigurationPlatforms) = preSolution
		Debug|Any CPU = Debug|Any CPU
		Release|Any CPU = Release|Any CPU
	EndGlobalSection
	GlobalSection(ProjectConfigurationPlatforms) = postSolution
		{049F06DB-BD74-47FD-B198-3CF1D51A5264}.Debug|Any CPU.ActiveCfg = Debug|Any CPU
		{049F06DB-BD74-47FD-B198-3CF1D51A5264}.Debug|Any CPU.Build.0 = Debug|Any CPU
		{049F06DB-BD74-47FD-B198-3CF1D51A5264}.Release|Any CPU.ActiveCfg = Release|Any CPU
		{049F06DB-BD74-47FD-B198-3CF1D51A5264}.Release|Any CPU.Build.0 = Release|Any CPU
	EndGlobalSection
	GlobalSection(SolutionProperties) = preSolution
		HideSolutionNode = FALSE
	EndGlobalSection
	GlobalSection(ExtensibilityGlobals) = postSolution
		SolutionGuid = {25ADE01F-CA16-48D5-8020-DAC0E051245B}
	EndGlobalSection
EndGlobal
